<?xml version="1.0" encoding="utf-8"?>
<Project ToolsVersion="4.0" xmlns="http://schemas.microsoft.com/developer/msbuild/2003">
  <ItemGroup>
    <ClCompile Include="Axis.cpp" />
    <ClCompile Include="Cube.cpp" />
    <ClCompile Include="Face.cpp" />
    <ClCompile Include="GLSLProgram.cpp" />
    <ClCompile Include="main.cpp" />
    <ClCompile Include="Model.cpp" />
    <ClCompile Include="Model3D.cpp" />
    <ClCompile Include="Orb.cpp" />
    <ClCompile Include="SolidSphere.cpp" />
    <ClCompile Include="Sphere.cpp" />
    <ClCompile Include="WireframeSphere.cpp" />
    <ClCompile Include="WorldObject.cpp" />
    <ClCompile Include="BoundingBox.cpp" />
    <ClCompile Include="WireframeCube.cpp" />
    <ClCompile Include="ModelHE.cpp" />
    <ClCompile Include="HE_Datastructs.cpp">
      <Filter>ObjReader</Filter>
    </ClCompile>
    <ClCompile Include="ObjParser.cpp">
      <Filter>ObjReader</Filter>
    </ClCompile>
    <ClCompile Include="WireframeBox.cpp" />
    <ClCompile Include="TextureObject.cpp" />
  </ItemGroup>
  <ItemGroup>
    <ClInclude Include="Axis.h" />
    <ClInclude Include="Cube.h" />
    <ClInclude Include="Face.h" />
    <ClInclude Include="GLSLProgram.h" />
    <ClInclude Include="GLTools.h" />
    <ClInclude Include="Model.h" />
    <ClInclude Include="Model3D.h" />
    <ClInclude Include="Orb.h" />
    <ClInclude Include="SolidSphere.h" />
    <ClInclude Include="Sphere.h" />
    <ClInclude Include="SunSystemData.h" />
    <ClInclude Include="WireframeSphere.h" />
    <ClInclude Include="WorldObject.h" />
    <ClInclude Include="HE_Datastructs.h">
      <Filter>ObjReader</Filter>
    </ClInclude>
    <ClInclude Include="ObjParser.h">
      <Filter>ObjReader</Filter>
    </ClInclude>
    <ClInclude Include="BoundingBox.h" />
    <ClInclude Include="WireframeCube.h" />
    <ClInclude Include="ModelHE.h" />
    <ClInclude Include="WireframeBox.h" />
    <ClInclude Include="stb_image.h" />
    <ClInclude Include="TextureObject.h" />
  </ItemGroup>
  <ItemGroup>
    <None Include="shader\flat_shading.vert">
      <Filter>shader</Filter>
    </None>
    <None Include="shader\flat_shading.frag">
      <Filter>shader</Filter>
    </None>
    <None Include="shader\gouraud_shading.frag">
      <Filter>shader</Filter>
    </None>
    <None Include="shader\gouraud_shading.vert">
      <Filter>shader</Filter>
    </None>
    <None Include="shader\phong_shading.frag">
      <Filter>shader</Filter>
    </None>
    <None Include="shader\phong_shading.vert">
      <Filter>shader</Filter>
    </None>
    <None Include="shader\shaded.vert">
      <Filter>shader</Filter>
    </None>
    <None Include="shader\shaded.frag">
      <Filter>shader</Filter>
    </None>
    <None Include="shader\simple.vert">
      <Filter>shader</Filter>
    </None>
    <None Include="shader\simple.frag">
      <Filter>shader</Filter>
    </None>
    <None Include="shader\shadedPhong.vert">
      <Filter>shader</Filter>
    </None>
    <None Include="shader\shadedPhong.frag">
      <Filter>shader</Filter>
    </None>
    <None Include="shader\shadedHalfvectorPhong.vert">
      <Filter>shader</Filter>
    </None>
    <None Include="shader\shadedHalfvectorPhong.frag">
      <Filter>shader</Filter>
    </None>
    <None Include="shader\shadedGouraud.vert">
      <Filter>shader</Filter>
    </None>
    <None Include="shader\shadedGouraud.frag">
      <Filter>shader</Filter>
    </None>
    <None Include="shader\shadedPhongTextured.frag">
      <Filter>shader</Filter>
    </None>
    <None Include="shader\shadedPhongTextured.vert">
      <Filter>shader</Filter>
    </None>
  </ItemGroup>
  <ItemGroup>
    <Filter Include="ObjReader">
      <UniqueIdentifier>{2e504a9e-bc64-4c19-b5d5-18b4a5c0f23d}</UniqueIdentifier>
    </Filter>
    <Filter Include="shader">
      <UniqueIdentifier>{66cdfc30-f55e-411e-a41c-f1159b732558}</UniqueIdentifier>
    </Filter>
  </ItemGroup>
</Project>